
Microsoft Visual Studio Solution File, Format Version 12.00
# Visual Studio Version 17
VisualStudioVersion = 17.10.35027.167
MinimumVisualStudioVersion = 10.0.40219.1
Project("{9A19103F-16F7-4668-BE54-9A1E7A4F7556}") = "DockerComposeSample", "DockerComposeSample\DockerComposeSample.csproj", "{B580A5DE-FE04-4F3A-A06E-C30E605EC0CC}"
EndProject
Project("{E53339B2-1760-4266-BCC7-CA923CBCF16C}") = "docker-compose", "docker-compose.dcproj", "{F9A780AB-998A-4694-91D9-D77925FBC3A5}"
EndProject
Project("{2150E333-8FDC-42A3-9474-1A3956D46DE8}") = "Gateway", "Gateway", "{8740CF17-5D6F-4940-8DD4-E9B57563198B}"
EndProject
Project("{9A19103F-16F7-4668-BE54-9A1E7A4F7556}") = "Gateway", "Gateway\Gateway.csproj", "{FB5A4790-ED55-4A76-A278-E03EFDA25808}"
EndProject
Project("{9A19103F-16F7-4668-BE54-9A1E7A4F7556}") = "DockerComposeSampleRedis", "DockerComposeSampleRedis\DockerComposeSampleRedis.csproj", "{B4C57984-57ED-4A67-9068-44EE7B131656}"
EndProject
Global
	GlobalSection(SolutionConfigurationPlatforms) = preSolution
		Debug|Any CPU = Debug|Any CPU
		Release|Any CPU = Release|Any CPU
	EndGlobalSection
	GlobalSection(ProjectConfigurationPlatforms) = postSolution
		{B580A5DE-FE04-4F3A-A06E-C30E605EC0CC}.Debug|Any CPU.ActiveCfg = Debug|Any CPU
		{B580A5DE-FE04-4F3A-A06E-C30E605EC0CC}.Debug|Any CPU.Build.0 = Debug|Any CPU
		{B580A5DE-FE04-4F3A-A06E-C30E605EC0CC}.Release|Any CPU.ActiveCfg = Release|Any CPU
		{B580A5DE-FE04-4F3A-A06E-C30E605EC0CC}.Release|Any CPU.Build.0 = Release|Any CPU
		{F9A780AB-998A-4694-91D9-D77925FBC3A5}.Debug|Any CPU.ActiveCfg = Debug|Any CPU
		{F9A780AB-998A-4694-91D9-D77925FBC3A5}.Debug|Any CPU.Build.0 = Debug|Any CPU
		{F9A780AB-998A-4694-91D9-D77925FBC3A5}.Release|Any CPU.ActiveCfg = Release|Any CPU
		{F9A780AB-998A-4694-91D9-D77925FBC3A5}.Release|Any CPU.Build.0 = Release|Any CPU
		{FB5A4790-ED55-4A76-A278-E03EFDA25808}.Debug|Any CPU.ActiveCfg = Debug|Any CPU
		{FB5A4790-ED55-4A76-A278-E03EFDA25808}.Debug|Any CPU.Build.0 = Debug|Any CPU
		{FB5A4790-ED55-4A76-A278-E03EFDA25808}.Release|Any CPU.ActiveCfg = Release|Any CPU
		{FB5A4790-ED55-4A76-A278-E03EFDA25808}.Release|Any CPU.Build.0 = Release|Any CPU
		{B4C57984-57ED-4A67-9068-44EE7B131656}.Debug|Any CPU.ActiveCfg = Debug|Any CPU
		{B4C57984-57ED-4A67-9068-44EE7B131656}.Debug|Any CPU.Build.0 = Debug|Any CPU
		{B4C57984-57ED-4A67-9068-44EE7B131656}.Release|Any CPU.ActiveCfg = Release|Any CPU
		{B4C57984-57ED-4A67-9068-44EE7B131656}.Release|Any CPU.Build.0 = Release|Any CPU
	EndGlobalSection
	GlobalSection(SolutionProperties) = preSolution
		HideSolutionNode = FALSE
	EndGlobalSection
	GlobalSection(NestedProjects) = preSolution
		{FB5A4790-ED55-4A76-A278-E03EFDA25808} = {8740CF17-5D6F-4940-8DD4-E9B57563198B}
	EndGlobalSection
	GlobalSection(ExtensibilityGlobals) = postSolution
		SolutionGuid = {F66A40EE-7023-44FE-8CD9-094A98CD5B5A}
	EndGlobalSection
EndGlobal
